{
  "name": "blog",
  "version": "1.0.0",
  "lockfileVersion": 1,
  "requires": true,
  "dependencies": {
    "town-square": {
      "version": "1.0.1",
      "resolved": "https://registry.npmjs.org/town-square/-/town-square-1.0.1.tgz",
      "integrity": "sha512-h9PIaDLeod1Bt3WR8Jarom4qBCVCcJ7V9dxmdrE6JcEfv/z/fxcK15LGBWcQI9GiagbtjxNLFtnBTj45ZnnRQQ=="
    }
  }
}
